
Microsoft Visual Studio Solution File, Format Version 12.00
# Visual Studio Version 16
VisualStudioVersion = 16.0.33423.256
MinimumVisualStudioVersion = 10.0.40219.1
Project("{FAE04EC0-301F-11D3-BF4B-00C04F79EFBC}") = "lists", "Litts\lists.csproj", "{039AAE49-225E-46AD-A1A5-6D6367FBCCF6}"
EndProject
Global
	GlobalSection(SolutionConfigurationPlatforms) = preSolution
		Debug|Any CPU = Debug|Any CPU
		Release|Any CPU = Release|Any CPU
	EndGlobalSection
	GlobalSection(ProjectConfigurationPlatforms) = postSolution
		{039AAE49-225E-46AD-A1A5-6D6367FBCCF6}.Debug|Any CPU.ActiveCfg = Debug|Any CPU
		{039AAE49-225E-46AD-A1A5-6D6367FBCCF6}.Debug|Any CPU.Build.0 = Debug|Any CPU
		{039AAE49-225E-46AD-A1A5-6D6367FBCCF6}.Release|Any CPU.ActiveCfg = Release|Any CPU
		{039AAE49-225E-46AD-A1A5-6D6367FBCCF6}.Release|Any CPU.Build.0 = Release|Any CPU
	EndGlobalSection
	GlobalSection(SolutionProperties) = preSolution
		HideSolutionNode = FALSE
	EndGlobalSection
	GlobalSection(ExtensibilityGlobals) = postSolution
		SolutionGuid = {CFCE13C5-B80B-44B6-999E-B63FE0A86420}
	EndGlobalSection
EndGlobal
