
Microsoft Visual Studio Solution File, Format Version 12.00
# Visual Studio Version 16
VisualStudioVersion = 16.0.33423.256
MinimumVisualStudioVersion = 10.0.40219.1
Project("{FAE04EC0-301F-11D3-BF4B-00C04F79EFBC}") = "Inherit", "Inherit\Inherit.csproj", "{D029C817-2A73-43EC-A1D7-2ADE017D3D1E}"
EndProject
Global
	GlobalSection(SolutionConfigurationPlatforms) = preSolution
		Debug|Any CPU = Debug|Any CPU
		Release|Any CPU = Release|Any CPU
	EndGlobalSection
	GlobalSection(ProjectConfigurationPlatforms) = postSolution
		{D029C817-2A73-43EC-A1D7-2ADE017D3D1E}.Debug|Any CPU.ActiveCfg = Debug|Any CPU
		{D029C817-2A73-43EC-A1D7-2ADE017D3D1E}.Debug|Any CPU.Build.0 = Debug|Any CPU
		{D029C817-2A73-43EC-A1D7-2ADE017D3D1E}.Release|Any CPU.ActiveCfg = Release|Any CPU
		{D029C817-2A73-43EC-A1D7-2ADE017D3D1E}.Release|Any CPU.Build.0 = Release|Any CPU
	EndGlobalSection
	GlobalSection(SolutionProperties) = preSolution
		HideSolutionNode = FALSE
	EndGlobalSection
	GlobalSection(ExtensibilityGlobals) = postSolution
		SolutionGuid = {370781F7-C862-4794-AE72-34C460BA5C04}
	EndGlobalSection
EndGlobal
