
Microsoft Visual Studio Solution File, Format Version 12.00
# Visual Studio Version 16
VisualStudioVersion = 16.0.33423.256
MinimumVisualStudioVersion = 10.0.40219.1
Project("{FAE04EC0-301F-11D3-BF4B-00C04F79EFBC}") = "Indexer", "Indexer\Indexer.csproj", "{C84BD455-F8EF-4E50-AD73-3D39CC238BF7}"
EndProject
Project("{FAE04EC0-301F-11D3-BF4B-00C04F79EFBC}") = "KuduoGameLb", "KuduoGameLb\KuduoGameLb.csproj", "{1BDBC063-F70E-464E-9C7A-B147BF238593}"
EndProject
Global
	GlobalSection(SolutionConfigurationPlatforms) = preSolution
		Debug|Any CPU = Debug|Any CPU
		Release|Any CPU = Release|Any CPU
	EndGlobalSection
	GlobalSection(ProjectConfigurationPlatforms) = postSolution
		{C84BD455-F8EF-4E50-AD73-3D39CC238BF7}.Debug|Any CPU.ActiveCfg = Debug|Any CPU
		{C84BD455-F8EF-4E50-AD73-3D39CC238BF7}.Debug|Any CPU.Build.0 = Debug|Any CPU
		{C84BD455-F8EF-4E50-AD73-3D39CC238BF7}.Release|Any CPU.ActiveCfg = Release|Any CPU
		{C84BD455-F8EF-4E50-AD73-3D39CC238BF7}.Release|Any CPU.Build.0 = Release|Any CPU
		{1BDBC063-F70E-464E-9C7A-B147BF238593}.Debug|Any CPU.ActiveCfg = Debug|Any CPU
		{1BDBC063-F70E-464E-9C7A-B147BF238593}.Debug|Any CPU.Build.0 = Debug|Any CPU
		{1BDBC063-F70E-464E-9C7A-B147BF238593}.Release|Any CPU.ActiveCfg = Release|Any CPU
		{1BDBC063-F70E-464E-9C7A-B147BF238593}.Release|Any CPU.Build.0 = Release|Any CPU
	EndGlobalSection
	GlobalSection(SolutionProperties) = preSolution
		HideSolutionNode = FALSE
	EndGlobalSection
	GlobalSection(ExtensibilityGlobals) = postSolution
		SolutionGuid = {CAE90021-D9B8-4BC2-8038-7B5D1D0B9BDB}
	EndGlobalSection
EndGlobal
